
Microsoft Visual Studio Solution File, Format Version 12.00
# Visual Studio Version 17
VisualStudioVersion = 17.6.33723.286
MinimumVisualStudioVersion = 10.0.40219.1
Project("{FAE04EC0-301F-11D3-BF4B-00C04F79EFBC}") = "01Lambda", "01Lambda\01Lambda.csproj", "{3541D941-6BFB-4D73-8B56-4897779A5B32}"
EndProject
Project("{FAE04EC0-301F-11D3-BF4B-00C04F79EFBC}") = "02Delegati", "02Delegati\02Delegati.csproj", "{EE2552F4-75AA-44D4-84D2-364F2F176FFE}"
EndProject
Project("{FAE04EC0-301F-11D3-BF4B-00C04F79EFBC}") = "03Ekstenzije", "03Ekstenzije\03Ekstenzije.csproj", "{788C7CDB-93BD-48B5-84E5-BDEBD6F4A998}"
EndProject
Global
	GlobalSection(SolutionConfigurationPlatforms) = preSolution
		Debug|Any CPU = Debug|Any CPU
		Release|Any CPU = Release|Any CPU
	EndGlobalSection
	GlobalSection(ProjectConfigurationPlatforms) = postSolution
		{3541D941-6BFB-4D73-8B56-4897779A5B32}.Debug|Any CPU.ActiveCfg = Debug|Any CPU
		{3541D941-6BFB-4D73-8B56-4897779A5B32}.Debug|Any CPU.Build.0 = Debug|Any CPU
		{3541D941-6BFB-4D73-8B56-4897779A5B32}.Release|Any CPU.ActiveCfg = Release|Any CPU
		{3541D941-6BFB-4D73-8B56-4897779A5B32}.Release|Any CPU.Build.0 = Release|Any CPU
		{EE2552F4-75AA-44D4-84D2-364F2F176FFE}.Debug|Any CPU.ActiveCfg = Debug|Any CPU
		{EE2552F4-75AA-44D4-84D2-364F2F176FFE}.Debug|Any CPU.Build.0 = Debug|Any CPU
		{EE2552F4-75AA-44D4-84D2-364F2F176FFE}.Release|Any CPU.ActiveCfg = Release|Any CPU
		{EE2552F4-75AA-44D4-84D2-364F2F176FFE}.Release|Any CPU.Build.0 = Release|Any CPU
		{788C7CDB-93BD-48B5-84E5-BDEBD6F4A998}.Debug|Any CPU.ActiveCfg = Debug|Any CPU
		{788C7CDB-93BD-48B5-84E5-BDEBD6F4A998}.Debug|Any CPU.Build.0 = Debug|Any CPU
		{788C7CDB-93BD-48B5-84E5-BDEBD6F4A998}.Release|Any CPU.ActiveCfg = Release|Any CPU
		{788C7CDB-93BD-48B5-84E5-BDEBD6F4A998}.Release|Any CPU.Build.0 = Release|Any CPU
	EndGlobalSection
	GlobalSection(SolutionProperties) = preSolution
		HideSolutionNode = FALSE
	EndGlobalSection
	GlobalSection(ExtensibilityGlobals) = postSolution
		SolutionGuid = {08320852-A8C4-4C59-9761-5C52482B3167}
	EndGlobalSection
EndGlobal
