
Microsoft Visual Studio Solution File, Format Version 12.00
# Visual Studio Version 17
VisualStudioVersion = 17.6.33723.286
MinimumVisualStudioVersion = 10.0.40219.1
Project("{9A19103F-16F7-4668-BE54-9A1E7A4F7556}") = "E02UlazIzlaz", "E02UlazIzlaz\E02UlazIzlaz.csproj", "{A329FB44-ED01-4B5D-B8DB-EBD5C439FE70}"
EndProject
Project("{9A19103F-16F7-4668-BE54-9A1E7A4F7556}") = "E03Konverzija", "E03Konverzija\E03Konverzija.csproj", "{CAB7E5A3-421E-4198-9C9D-1DDFA693FA1D}"
EndProject
Project("{9A19103F-16F7-4668-BE54-9A1E7A4F7556}") = "E04Operatori", "E04Operatori\E04Operatori.csproj", "{4834821E-1F67-458B-B659-AE3E79DCE775}"
EndProject
Project("{9A19103F-16F7-4668-BE54-9A1E7A4F7556}") = "E01Varijable", "E01Varijable\E01Varijable.csproj", "{773D57C5-43EB-4518-8683-DBAEF4EA12E8}"
EndProject
Project("{FAE04EC0-301F-11D3-BF4B-00C04F79EFBC}") = "DZ-Operatori", "DZ-Operatori\DZ-Operatori.csproj", "{12AB8BED-AB56-44EA-9AC1-593674B44B7F}"
EndProject
Global
	GlobalSection(SolutionConfigurationPlatforms) = preSolution
		Debug|Any CPU = Debug|Any CPU
		Release|Any CPU = Release|Any CPU
	EndGlobalSection
	GlobalSection(ProjectConfigurationPlatforms) = postSolution
		{A329FB44-ED01-4B5D-B8DB-EBD5C439FE70}.Debug|Any CPU.ActiveCfg = Debug|Any CPU
		{A329FB44-ED01-4B5D-B8DB-EBD5C439FE70}.Debug|Any CPU.Build.0 = Debug|Any CPU
		{A329FB44-ED01-4B5D-B8DB-EBD5C439FE70}.Release|Any CPU.ActiveCfg = Release|Any CPU
		{A329FB44-ED01-4B5D-B8DB-EBD5C439FE70}.Release|Any CPU.Build.0 = Release|Any CPU
		{CAB7E5A3-421E-4198-9C9D-1DDFA693FA1D}.Debug|Any CPU.ActiveCfg = Debug|Any CPU
		{CAB7E5A3-421E-4198-9C9D-1DDFA693FA1D}.Debug|Any CPU.Build.0 = Debug|Any CPU
		{CAB7E5A3-421E-4198-9C9D-1DDFA693FA1D}.Release|Any CPU.ActiveCfg = Release|Any CPU
		{CAB7E5A3-421E-4198-9C9D-1DDFA693FA1D}.Release|Any CPU.Build.0 = Release|Any CPU
		{4834821E-1F67-458B-B659-AE3E79DCE775}.Debug|Any CPU.ActiveCfg = Debug|Any CPU
		{4834821E-1F67-458B-B659-AE3E79DCE775}.Debug|Any CPU.Build.0 = Debug|Any CPU
		{4834821E-1F67-458B-B659-AE3E79DCE775}.Release|Any CPU.ActiveCfg = Release|Any CPU
		{4834821E-1F67-458B-B659-AE3E79DCE775}.Release|Any CPU.Build.0 = Release|Any CPU
		{773D57C5-43EB-4518-8683-DBAEF4EA12E8}.Debug|Any CPU.ActiveCfg = Debug|Any CPU
		{773D57C5-43EB-4518-8683-DBAEF4EA12E8}.Debug|Any CPU.Build.0 = Debug|Any CPU
		{773D57C5-43EB-4518-8683-DBAEF4EA12E8}.Release|Any CPU.ActiveCfg = Release|Any CPU
		{773D57C5-43EB-4518-8683-DBAEF4EA12E8}.Release|Any CPU.Build.0 = Release|Any CPU
		{12AB8BED-AB56-44EA-9AC1-593674B44B7F}.Debug|Any CPU.ActiveCfg = Debug|Any CPU
		{12AB8BED-AB56-44EA-9AC1-593674B44B7F}.Debug|Any CPU.Build.0 = Debug|Any CPU
		{12AB8BED-AB56-44EA-9AC1-593674B44B7F}.Release|Any CPU.ActiveCfg = Release|Any CPU
		{12AB8BED-AB56-44EA-9AC1-593674B44B7F}.Release|Any CPU.Build.0 = Release|Any CPU
	EndGlobalSection
	GlobalSection(SolutionProperties) = preSolution
		HideSolutionNode = FALSE
	EndGlobalSection
	GlobalSection(ExtensibilityGlobals) = postSolution
		SolutionGuid = {2C684EE7-A6F0-488A-9D5B-7DD06270F9EB}
	EndGlobalSection
EndGlobal
