
Microsoft Visual Studio Solution File, Format Version 12.00
# Visual Studio Version 17
VisualStudioVersion = 17.6.33723.286
MinimumVisualStudioVersion = 10.0.40219.1
Project("{FAE04EC0-301F-11D3-BF4B-00C04F79EFBC}") = "E01KlasaObjekt", "E01KlasaObjekt\E01KlasaObjekt.csproj", "{7220F233-FF21-4D3C-8667-60A2A7F4F612}"
EndProject
Project("{FAE04EC0-301F-11D3-BF4B-00C04F79EFBC}") = "E02Ucahurivanje", "E02Ucahurivanje\E02Ucahurivanje.csproj", "{F7E19175-7F03-4124-B878-A0ABEB8307B4}"
EndProject
Project("{FAE04EC0-301F-11D3-BF4B-00C04F79EFBC}") = "E03JednakostObjekata", "E03JednakostObjekata\E03JednakostObjekata.csproj", "{194EA174-0654-47BA-8474-E616B1EF50A0}"
EndProject
Global
	GlobalSection(SolutionConfigurationPlatforms) = preSolution
		Debug|Any CPU = Debug|Any CPU
		Release|Any CPU = Release|Any CPU
	EndGlobalSection
	GlobalSection(ProjectConfigurationPlatforms) = postSolution
		{7220F233-FF21-4D3C-8667-60A2A7F4F612}.Debug|Any CPU.ActiveCfg = Debug|Any CPU
		{7220F233-FF21-4D3C-8667-60A2A7F4F612}.Debug|Any CPU.Build.0 = Debug|Any CPU
		{7220F233-FF21-4D3C-8667-60A2A7F4F612}.Release|Any CPU.ActiveCfg = Release|Any CPU
		{7220F233-FF21-4D3C-8667-60A2A7F4F612}.Release|Any CPU.Build.0 = Release|Any CPU
		{F7E19175-7F03-4124-B878-A0ABEB8307B4}.Debug|Any CPU.ActiveCfg = Debug|Any CPU
		{F7E19175-7F03-4124-B878-A0ABEB8307B4}.Debug|Any CPU.Build.0 = Debug|Any CPU
		{F7E19175-7F03-4124-B878-A0ABEB8307B4}.Release|Any CPU.ActiveCfg = Release|Any CPU
		{F7E19175-7F03-4124-B878-A0ABEB8307B4}.Release|Any CPU.Build.0 = Release|Any CPU
		{194EA174-0654-47BA-8474-E616B1EF50A0}.Debug|Any CPU.ActiveCfg = Debug|Any CPU
		{194EA174-0654-47BA-8474-E616B1EF50A0}.Debug|Any CPU.Build.0 = Debug|Any CPU
		{194EA174-0654-47BA-8474-E616B1EF50A0}.Release|Any CPU.ActiveCfg = Release|Any CPU
		{194EA174-0654-47BA-8474-E616B1EF50A0}.Release|Any CPU.Build.0 = Release|Any CPU
	EndGlobalSection
	GlobalSection(SolutionProperties) = preSolution
		HideSolutionNode = FALSE
	EndGlobalSection
	GlobalSection(ExtensibilityGlobals) = postSolution
		SolutionGuid = {42C1C7FF-4626-42BD-BFAC-85AB2F1C63E8}
	EndGlobalSection
EndGlobal
