
Microsoft Visual Studio Solution File, Format Version 12.00
# Visual Studio Version 17
VisualStudioVersion = 17.6.33723.286
MinimumVisualStudioVersion = 10.0.40219.1
Project("{FAE04EC0-301F-11D3-BF4B-00C04F79EFBC}") = "E01Nasljedivanje", "E01Nasljedivanje\E01Nasljedivanje.csproj", "{A3FD2688-A67E-46E2-A105-5125D0AB0C20}"
EndProject
Project("{FAE04EC0-301F-11D3-BF4B-00C04F79EFBC}") = "E02ApstraktnaKlasaIMetoda", "E02ApstraktnaKlasaIMetoda\E02ApstraktnaKlasaIMetoda.csproj", "{FE43C51B-1177-4124-B578-21E5B0AD321D}"
EndProject
Project("{FAE04EC0-301F-11D3-BF4B-00C04F79EFBC}") = "E03Polimorfizam", "E03Polimorfizam\E03Polimorfizam.csproj", "{DAA57003-B7EB-4B28-972F-B3DBC1F7657A}"
EndProject
Global
	GlobalSection(SolutionConfigurationPlatforms) = preSolution
		Debug|Any CPU = Debug|Any CPU
		Release|Any CPU = Release|Any CPU
	EndGlobalSection
	GlobalSection(ProjectConfigurationPlatforms) = postSolution
		{A3FD2688-A67E-46E2-A105-5125D0AB0C20}.Debug|Any CPU.ActiveCfg = Debug|Any CPU
		{A3FD2688-A67E-46E2-A105-5125D0AB0C20}.Debug|Any CPU.Build.0 = Debug|Any CPU
		{A3FD2688-A67E-46E2-A105-5125D0AB0C20}.Release|Any CPU.ActiveCfg = Release|Any CPU
		{A3FD2688-A67E-46E2-A105-5125D0AB0C20}.Release|Any CPU.Build.0 = Release|Any CPU
		{FE43C51B-1177-4124-B578-21E5B0AD321D}.Debug|Any CPU.ActiveCfg = Debug|Any CPU
		{FE43C51B-1177-4124-B578-21E5B0AD321D}.Debug|Any CPU.Build.0 = Debug|Any CPU
		{FE43C51B-1177-4124-B578-21E5B0AD321D}.Release|Any CPU.ActiveCfg = Release|Any CPU
		{FE43C51B-1177-4124-B578-21E5B0AD321D}.Release|Any CPU.Build.0 = Release|Any CPU
		{DAA57003-B7EB-4B28-972F-B3DBC1F7657A}.Debug|Any CPU.ActiveCfg = Debug|Any CPU
		{DAA57003-B7EB-4B28-972F-B3DBC1F7657A}.Debug|Any CPU.Build.0 = Debug|Any CPU
		{DAA57003-B7EB-4B28-972F-B3DBC1F7657A}.Release|Any CPU.ActiveCfg = Release|Any CPU
		{DAA57003-B7EB-4B28-972F-B3DBC1F7657A}.Release|Any CPU.Build.0 = Release|Any CPU
	EndGlobalSection
	GlobalSection(SolutionProperties) = preSolution
		HideSolutionNode = FALSE
	EndGlobalSection
	GlobalSection(ExtensibilityGlobals) = postSolution
		SolutionGuid = {24722914-57B0-40EE-8482-77B5CD2C9618}
	EndGlobalSection
EndGlobal
